// !$*UTF8*$!
{
	archiveVersion = 1;
	classes = {
	};
	objectVersion = 46;
	objects = {

/* Begin PBXBuildFile section */
		080A5A2919DCD77B002D1CB6 /* AppDelegate.swift in Sources */ = {isa = PBXBuildFile; fileRef = 080A5A2819DCD77B002D1CB6 /* AppDelegate.swift */; };
		080A5A2B19DCD77B002D1CB6 /* ViewController.swift in Sources */ = {isa = PBXBuildFile; fileRef = 080A5A2A19DCD77B002D1CB6 /* ViewController.swift */; };
		080A5A2E19DCD77B002D1CB6 /* Main.storyboard in Resources */ = {isa = PBXBuildFile; fileRef = 080A5A2C19DCD77B002D1CB6 /* Main.storyboard */; };
		080A5A3019DCD77B002D1CB6 /* Images.xcassets in Resources */ = {isa = PBXBuildFile; fileRef = 080A5A2F19DCD77B002D1CB6 /* Images.xcassets */; };
		080A5A3319DCD77B002D1CB6 /* LaunchScreen.xib in Resources */ = {isa = PBXBuildFile; fileRef = 080A5A3119DCD77B002D1CB6 /* LaunchScreen.xib */; };
		080A5A3F19DCD77B002D1CB6 /* ShoeConverterTests.swift in Sources */ = {isa = PBXBuildFile; fileRef = 080A5A3E19DCD77B002D1CB6 /* ShoeConverterTests.swift */; };
/* End PBXBuildFile section */

/* Begin PBXContainerItemProxy section */
		080A5A3919DCD77B002D1CB6 /* PBXContainerItemProxy */ = {
			isa = PBXContainerItemProxy;
			containerPortal = 080A5A1B19DCD77B002D1CB6 /* Project object */;
			proxyType = 1;
			remoteGlobalIDString = 080A5A2219DCD77B002D1CB6;
			remoteInfo = ShoeConverter;
		};
/* End PBXContainerItemProxy section */

/* Begin PBXFileReference section */
		080A5A2319DCD77B002D1CB6 /* ShoeConverter.app */ = {isa = PBXFileReference; explicitFileType = wrapper.application; includeInIndex = 0; path = ShoeConverter.app; sourceTree = BUILT_PRODUCTS_DIR; };
		080A5A2719DCD77B002D1CB6 /* Info.plist */ = {isa = PBXFileReference; lastKnownFileType = text.plist.xml; path = Info.plist; sourceTree = "<group>"; };
		080A5A2819DCD77B002D1CB6 /* AppDelegate.swift */ = {isa = PBXFileReference; lastKnownFileType = sourcecode.swift; path = AppDelegate.swift; sourceTree = "<group>"; };
		080A5A2A19DCD77B002D1CB6 /* ViewController.swift */ = {isa = PBXFileReference; lastKnownFileType = sourcecode.swift; path = ViewController.swift; sourceTree = "<group>"; };
		080A5A2D19DCD77B002D1CB6 /* Base */ = {isa = PBXFileReference; lastKnownFileType = file.storyboard; name = Base; path = Base.lproj/Main.storyboard; sourceTree = "<group>"; };
		080A5A2F19DCD77B002D1CB6 /* Images.xcassets */ = {isa = PBXFileReference; lastKnownFileType = folder.assetcatalog; path = Images.xcassets; sourceTree = "<group>"; };
		080A5A3219DCD77B002D1CB6 /* Base */ = {isa = PBXFileReference; lastKnownFileType = file.xib; name = Base; path = Base.lproj/LaunchScreen.xib; sourceTree = "<group>"; };
		080A5A3819DCD77B002D1CB6 /* ShoeConverterTests.xctest */ = {isa = PBXFileReference; explicitFileType = wrapper.cfbundle; includeInIndex = 0; path = ShoeConverterTests.xctest; sourceTree = BUILT_PRODUCTS_DIR; };
		080A5A3D19DCD77B002D1CB6 /* Info.plist */ = {isa = PBXFileReference; lastKnownFileType = text.plist.xml; path = Info.plist; sourceTree = "<group>"; };
		080A5A3E19DCD77B002D1CB6 /* ShoeConverterTests.swift */ = {isa = PBXFileReference; lastKnownFileType = sourcecode.swift; path = ShoeConverterTests.swift; sourceTree = "<group>"; };
/* End PBXFileReference section */

/* Begin PBXFrameworksBuildPhase section */
		080A5A2019DCD77B002D1CB6 /* Frameworks */ = {
			isa = PBXFrameworksBuildPhase;
			buildActionMask = 2147483647;
			files = (
			);
			runOnlyForDeploymentPostprocessing = 0;
		};
		080A5A3519DCD77B002D1CB6 /* Frameworks */ = {
			isa = PBXFrameworksBuildPhase;
			buildActionMask = 2147483647;
			files = (
			);
			runOnlyForDeploymentPostprocessing = 0;
		};
/* End PBXFrameworksBuildPhase section */

/* Begin PBXGroup section */
		080A5A1A19DCD77B002D1CB6 = {
			isa = PBXGroup;
			children = (
				080A5A2519DCD77B002D1CB6 /* ShoeConverter */,
				080A5A3B19DCD77B002D1CB6 /* ShoeConverterTests */,
				080A5A2419DCD77B002D1CB6 /* Products */,
			);
			sourceTree = "<group>";
		};
		080A5A2419DCD77B002D1CB6 /* Products */ = {
			isa = PBXGroup;
			children = (
				080A5A2319DCD77B002D1CB6 /* ShoeConverter.app */,
				080A5A3819DCD77B002D1CB6 /* ShoeConverterTests.xctest */,
			);
			name = Products;
			sourceTree = "<group>";
		};
		080A5A2519DCD77B002D1CB6 /* ShoeConverter */ = {
			isa = PBXGroup;
			children = (
				080A5A2819DCD77B002D1CB6 /* AppDelegate.swift */,
				080A5A2A19DCD77B002D1CB6 /* ViewController.swift */,
				080A5A2C19DCD77B002D1CB6 /* Main.storyboard */,
				080A5A2F19DCD77B002D1CB6 /* Images.xcassets */,
				080A5A3119DCD77B002D1CB6 /* LaunchScreen.xib */,
				080A5A2619DCD77B002D1CB6 /* Supporting Files */,
			);
			path = ShoeConverter;
			sourceTree = "<group>";
		};
		080A5A2619DCD77B002D1CB6 /* Supporting Files */ = {
			isa = PBXGroup;
			children = (
				080A5A2719DCD77B002D1CB6 /* Info.plist */,
			);
			name = "Supporting Files";
			sourceTree = "<group>";
		};
		080A5A3B19DCD77B002D1CB6 /* ShoeConverterTests */ = {
			isa = PBXGroup;
			children = (
				080A5A3E19DCD77B002D1CB6 /* ShoeConverterTests.swift */,
				080A5A3C19DCD77B002D1CB6 /* Supporting Files */,
			);
			path = ShoeConverterTests;
			sourceTree = "<group>";
		};
		080A5A3C19DCD77B002D1CB6 /* Supporting Files */ = {
			isa = PBXGroup;
			children = (
				080A5A3D19DCD77B002D1CB6 /* Info.plist */,
			);
			name = "Supporting Files";
			sourceTree = "<group>";
		};
/* End PBXGroup section */

/* Begin PBXNativeTarget section */
		080A5A2219DCD77B002D1CB6 /* ShoeConverter */ = {
			isa = PBXNativeTarget;
			buildConfigurationList = 080A5A4219DCD77B002D1CB6 /* Build configuration list for PBXNativeTarget "ShoeConverter" */;
			buildPhases = (
				080A5A1F19DCD77B002D1CB6 /* Sources */,
				080A5A2019DCD77B002D1CB6 /* Frameworks */,
				080A5A2119DCD77B002D1CB6 /* Resources */,
			);
			buildRules = (
			);
			dependencies = (
			);
			name = ShoeConverter;
			productName = ShoeConverter;
			productReference = 080A5A2319DCD77B002D1CB6 /* ShoeConverter.app */;
			productType = "com.apple.product-type.application";
		};
		080A5A3719DCD77B002D1CB6 /* ShoeConverterTests */ = {
			isa = PBXNativeTarget;
			buildConfigurationList = 080A5A4519DCD77B002D1CB6 /* Build configuration list for PBXNativeTarget "ShoeConverterTests" */;
			buildPhases = (
				080A5A3419DCD77B002D1CB6 /* Sources */,
				080A5A3519DCD77B002D1CB6 /* Frameworks */,
				080A5A3619DCD77B002D1CB6 /* Resources */,
			);
			buildRules = (
			);
			dependencies = (
				080A5A3A19DCD77B002D1CB6 /* PBXTargetDependency */,
			);
			name = ShoeConverterTests;
			productName = ShoeConverterTests;
			productReference = 080A5A3819DCD77B002D1CB6 /* ShoeConverterTests.xctest */;
			productType = "com.apple.product-type.bundle.unit-test";
		};
/* End PBXNativeTarget section */

/* Begin PBXProject section */
		080A5A1B19DCD77B002D1CB6 /* Project object */ = {
			isa = PBXProject;
			attributes = {
				LastUpgradeCheck = 0600;
				ORGANIZATIONNAME = nealshyam.com;
				TargetAttributes = {
					080A5A2219DCD77B002D1CB6 = {
						CreatedOnToolsVersion = 6.0.1;
					};
					080A5A3719DCD77B002D1CB6 = {
						CreatedOnToolsVersion = 6.0.1;
						TestTargetID = 080A5A2219DCD77B002D1CB6;
					};
				};
			};
			buildConfigurationList = 080A5A1E19DCD77B002D1CB6 /* Build configuration list for PBXProject "ShoeConverter" */;
			compatibilityVersion = "Xcode 3.2";
			developmentRegion = English;
			hasScannedForEncodings = 0;
			knownRegions = (
				en,
				Base,
			);
			mainGroup = 080A5A1A19DCD77B002D1CB6;
			productRefGroup = 080A5A2419DCD77B002D1CB6 /* Products */;
			projectDirPath = "";
			projectRoot = "";
			targets = (
				080A5A2219DCD77B002D1CB6 /* ShoeConverter */,
				080A5A3719DCD77B002D1CB6 /* ShoeConverterTests */,
			);
		};
/* End PBXProject section */

/* Begin PBXResourcesBuildPhase section */
		080A5A2119DCD77B002D1CB6 /* Resources */ = {
			isa = PBXResourcesBuildPhase;
			buildActionMask = 2147483647;
			files = (
				080A5A2E19DCD77B002D1CB6 /* Main.storyboard in Resources */,
				080A5A3319DCD77B002D1CB6 /* LaunchScreen.xib in Resources */,
				080A5A3019DCD77B002D1CB6 /* Images.xcassets in Resources */,
			);
			runOnlyForDeploymentPostprocessing = 0;
		};
		080A5A3619DCD77B002D1CB6 /* Resources */ = {
			isa = PBXResourcesBuildPhase;
			buildActionMask = 2147483647;
			files = (
			);
			runOnlyForDeploymentPostprocessing = 0;
		};
/* End PBXResourcesBuildPhase section */

/* Begin PBXSourcesBuildPhase section */
		080A5A1F19DCD77B002D1CB6 /* Sources */ = {
			isa = PBXSourcesBuildPhase;
			buildActionMask = 2147483647;
			files = (
				080A5A2B19DCD77B002D1CB6 /* ViewController.swift in Sources */,
				080A5A2919DCD77B002D1CB6 /* AppDelegate.swift in Sources */,
			);
			runOnlyForDeploymentPostprocessing = 0;
		};
		080A5A3419DCD77B002D1CB6 /* Sources */ = {
			isa = PBXSourcesBuildPhase;
			buildActionMask = 2147483647;
			files = (
				080A5A3F19DCD77B002D1CB6 /* ShoeConverterTests.swift in Sources */,
			);
			runOnlyForDeploymentPostprocessing = 0;
		};
/* End PBXSourcesBuildPhase section */

/* Begin PBXTargetDependency section */
		080A5A3A19DCD77B002D1CB6 /* PBXTargetDependency */ = {
			isa = PBXTargetDependency;
			target = 080A5A2219DCD77B002D1CB6 /* ShoeConverter */;
			targetProxy = 080A5A3919DCD77B002D1CB6 /* PBXContainerItemProxy */;
		};
/* End PBXTargetDependency section */

/* Begin PBXVariantGroup section */
		080A5A2C19DCD77B002D1CB6 /* Main.storyboard */ = {
			isa = PBXVariantGroup;
			children = (
				080A5A2D19DCD77B002D1CB6 /* Base */,
			);
			name = Main.storyboard;
			sourceTree = "<group>";
		};
		080A5A3119DCD77B002D1CB6 /* LaunchScreen.xib */ = {
			isa = PBXVariantGroup;
			children = (
				080A5A3219DCD77B002D1CB6 /* Base */,
			);
			name = LaunchScreen.xib;
			sourceTree = "<group>";
		};
/* End PBXVariantGroup section */

/* Begin XCBuildConfiguration section */
		080A5A4019DCD77B002D1CB6 /* Debug */ = {
			isa = XCBuildConfiguration;
			buildSettings = {
				ALWAYS_SEARCH_USER_PATHS = NO;
				CLANG_CXX_LANGUAGE_STANDARD = "gnu++0x";
				CLANG_CXX_LIBRARY = "libc++";
				CLANG_ENABLE_MODULES = YES;
				CLANG_ENABLE_OBJC_ARC = YES;
				CLANG_WARN_BOOL_CONVERSION = YES;
				CLANG_WARN_CONSTANT_CONVERSION = YES;
				CLANG_WARN_DIRECT_OBJC_ISA_USAGE = YES_ERROR;
				CLANG_WARN_EMPTY_BODY = YES;
				CLANG_WARN_ENUM_CONVERSION = YES;
				CLANG_WARN_INT_CONVERSION = YES;
				CLANG_WARN_OBJC_ROOT_CLASS = YES_ERROR;
				CLANG_WARN_UNREACHABLE_CODE = YES;
				CLANG_WARN__DUPLICATE_METHOD_MATCH = YES;
				"CODE_SIGN_IDENTITY[sdk=iphoneos*]" = "iPhone Developer";
				COPY_PHASE_STRIP = NO;
				ENABLE_STRICT_OBJC_MSGSEND = YES;
				GCC_C_LANGUAGE_STANDARD = gnu99;
				GCC_DYNAMIC_NO_PIC = NO;
				GCC_OPTIMIZATION_LEVEL = 0;
				GCC_PREPROCESSOR_DEFINITIONS = (
					"DEBUG=1",
					"$(inherited)",
				);
				GCC_SYMBOLS_PRIVATE_EXTERN = NO;
				GCC_WARN_64_TO_32_BIT_CONVERSION = YES;
				GCC_WARN_ABOUT_RETURN_TYPE = YES_ERROR;
				GCC_WARN_UNDECLARED_SELECTOR = YES;
				GCC_WARN_UNINITIALIZED_AUTOS = YES_AGGRESSIVE;
				GCC_WARN_UNUSED_FUNCTION = YES;
				GCC_WARN_UNUSED_VARIABLE = YES;
				IPHONEOS_DEPLOYMENT_TARGET = 8.0;
				MTL_ENABLE_DEBUG_INFO = YES;
				ONLY_ACTIVE_ARCH = YES;
				SDKROOT = iphoneos;
				SWIFT_OPTIMIZATION_LEVEL = "-Onone";
				TARGETED_DEVICE_FAMILY = "1,2";
			};
			name = Debug;
		};
		080A5A4119DCD77B002D1CB6 /* Release */ = {
			isa = XCBuildConfiguration;
			buildSettings = {
				ALWAYS_SEARCH_USER_PATHS = NO;
				CLANG_CXX_LANGUAGE_STANDARD = "gnu++0x";
				CLANG_CXX_LIBRARY = "libc++";
				CLANG_ENABLE_MODULES = YES;
				CLANG_ENABLE_OBJC_ARC = YES;
				CLANG_WARN_BOOL_CONVERSION = YES;
				CLANG_WARN_CONSTANT_CONVERSION = YES;
				CLANG_WARN_DIRECT_OBJC_ISA_USAGE = YES_ERROR;
				CLANG_WARN_EMPTY_BODY = YES;
				CLANG_WARN_ENUM_CONVERSION = YES;
				CLANG_WARN_INT_CONVERSION = YES;
				CLANG_WARN_OBJC_ROOT_CLASS = YES_ERROR;
				CLANG_WARN_UNREACHABLE_CODE = YES;
				CLANG_WARN__DUPLICATE_METHOD_MATCH = YES;
				"CODE_SIGN_IDENTITY[sdk=iphoneos*]" = "iPhone Developer";
				COPY_PHASE_STRIP = YES;
				ENABLE_NS_ASSERTIONS = NO;
				ENABLE_STRICT_OBJC_MSGSEND = YES;
				GCC_C_LANGUAGE_STANDARD = gnu99;
				GCC_WARN_64_TO_32_BIT_CONVERSION = YES;
				GCC_WARN_ABOUT_RETURN_TYPE = YES_ERROR;
				GCC_WARN_UNDECLARED_SELECTOR = YES;
				GCC_WARN_UNINITIALIZED_AUTOS = YES_AGGRESSIVE;
				GCC_WARN_UNUSED_FUNCTION = YES;
				GCC_WARN_UNUSED_VARIABLE = YES;
				IPHONEOS_DEPLOYMENT_TARGET = 8.0;
				MTL_ENABLE_DEBUG_INFO = NO;
				SDKROOT = iphoneos;
				TARGETED_DEVICE_FAMILY = "1,2";
				VALIDATE_PRODUCT = YES;
			};
			name = Release;
		};
		080A5A4319DCD77B002D1CB6 /* Debug */ = {
			isa = XCBuildConfiguration;
			buildSettings = {
				ASSETCATALOG_COMPILER_APPICON_NAME = AppIcon;
				INFOPLIST_FILE = ShoeConverter/Info.plist;
				LD_RUNPATH_SEARCH_PATHS = "$(inherited) @executable_path/Frameworks";
				PRODUCT_NAME = "$(TARGET_NAME)";
			};
			name = Debug;
		};
		080A5A4419DCD77B002D1CB6 /* Release */ = {
			isa = XCBuildConfiguration;
			buildSettings = {
				ASSETCATALOG_COMPILER_APPICON_NAME = AppIcon;
				INFOPLIST_FILE = ShoeConverter/Info.plist;
				LD_RUNPATH_SEARCH_PATHS = "$(inherited) @executable_path/Frameworks";
				PRODUCT_NAME = "$(TARGET_NAME)";
			};
			name = Release;
		};
		080A5A4619DCD77B002D1CB6 /* Debug */ = {
			isa = XCBuildConfiguration;
			buildSettings = {
				BUNDLE_LOADER = "$(TEST_HOST)";
				FRAMEWORK_SEARCH_PATHS = (
					"$(SDKROOT)/Developer/Library/Frameworks",
					"$(inherited)",
				);
				GCC_PREPROCESSOR_DEFINITIONS = (
					"DEBUG=1",
					"$(inherited)",
				);
				INFOPLIST_FILE = ShoeConverterTests/Info.plist;
				LD_RUNPATH_SEARCH_PATHS = "$(inherited) @executable_path/Frameworks @loader_path/Frameworks";
				PRODUCT_NAME = "$(TARGET_NAME)";
				TEST_HOST = "$(BUILT_PRODUCTS_DIR)/ShoeConverter.app/ShoeConverter";
			};
			name = Debug;
		};
		080A5A4719DCD77B002D1CB6 /* Release */ = {
			isa = XCBuildConfiguration;
			buildSettings = {
				BUNDLE_LOADER = "$(TEST_HOST)";
				FRAMEWORK_SEARCH_PATHS = (
					"$(SDKROOT)/Developer/Library/Frameworks",
					"$(inherited)",
				);
				INFOPLIST_FILE = ShoeConverterTests/Info.plist;
				LD_RUNPATH_SEARCH_PATHS = "$(inherited) @executable_path/Frameworks @loader_path/Frameworks";
				PRODUCT_NAME = "$(TARGET_NAME)";
				TEST_HOST = "$(BUILT_PRODUCTS_DIR)/ShoeConverter.app/ShoeConverter";
			};
			name = Release;
		};
/* End XCBuildConfiguration section */

/* Begin XCConfigurationList section */
		080A5A1E19DCD77B002D1CB6 /* Build configuration list for PBXProject "ShoeConverter" */ = {
			isa = XCConfigurationList;
			buildConfigurations = (
				080A5A4019DCD77B002D1CB6 /* Debug */,
				080A5A4119DCD77B002D1CB6 /* Release */,
			);
			defaultConfigurationIsVisible = 0;
			defaultConfigurationName = Release;
		};
		080A5A4219DCD77B002D1CB6 /* Build configuration list for PBXNativeTarget "ShoeConverter" */ = {
			isa = XCConfigurationList;
			buildConfigurations = (
				080A5A4319DCD77B002D1CB6 /* Debug */,
				080A5A4419DCD77B002D1CB6 /* Release */,
			);
			defaultConfigurationIsVisible = 0;
		};
		080A5A4519DCD77B002D1CB6 /* Build configuration list for PBXNativeTarget "ShoeConverterTests" */ = {
			isa = XCConfigurationList;
			buildConfigurations = (
				080A5A4619DCD77B002D1CB6 /* Debug */,
				080A5A4719DCD77B002D1CB6 /* Release */,
			);
			defaultConfigurationIsVisible = 0;
		};
/* End XCConfigurationList section */
	};
	rootObject = 080A5A1B19DCD77B002D1CB6 /* Project object */;
}
